
Microsoft Visual Studio Solution File, Format Version 12.00
# Visual Studio Version 17
VisualStudioVersion = 17.6.33829.357
MinimumVisualStudioVersion = 10.0.40219.1
Project("{FAE04EC0-301F-11D3-BF4B-00C04F79EFBC}") = "test", "test\test.csproj", "{48B0A8B9-D793-4C64-A554-783E0384C15F}"
EndProject
Global
	GlobalSection(SolutionConfigurationPlatforms) = preSolution
		Debug|Any CPU = Debug|Any CPU
		Release|Any CPU = Release|Any CPU
	EndGlobalSection
	GlobalSection(ProjectConfigurationPlatforms) = postSolution
		{48B0A8B9-D793-4C64-A554-783E0384C15F}.Debug|Any CPU.ActiveCfg = Debug|Any CPU
		{48B0A8B9-D793-4C64-A554-783E0384C15F}.Debug|Any CPU.Build.0 = Debug|Any CPU
		{48B0A8B9-D793-4C64-A554-783E0384C15F}.Release|Any CPU.ActiveCfg = Release|Any CPU
		{48B0A8B9-D793-4C64-A554-783E0384C15F}.Release|Any CPU.Build.0 = Release|Any CPU
	EndGlobalSection
	GlobalSection(SolutionProperties) = preSolution
		HideSolutionNode = FALSE
	EndGlobalSection
	GlobalSection(ExtensibilityGlobals) = postSolution
		SolutionGuid = {49E0B53B-E602-4FD6-982C-42F8B85CC82A}
	EndGlobalSection
EndGlobal
